
Microsoft Visual Studio Solution File, Format Version 12.00
# Visual Studio Version 17
VisualStudioVersion = 17.9.34701.34
MinimumVisualStudioVersion = 10.0.40219.1
Project("{9A19103F-16F7-4668-BE54-9A1E7A4F7556}") = "BankLibrarySerialization", "BankLibrarySerialization\BankLibrarySerialization.csproj", "{85075D71-FA4A-49F1-9843-5DD36F384E9B}"
EndProject
Project("{9A19103F-16F7-4668-BE54-9A1E7A4F7556}") = "CreateFile", "CreateFile\CreateFile.csproj", "{90FD5B94-EC98-491E-9870-A10704514D49}"
EndProject
Project("{FAE04EC0-301F-11D3-BF4B-00C04F79EFBC}") = "ReadClientFile", "ReadClientFile\ReadClientFile.csproj", "{A0B62B9B-3E64-46A6-9FE7-C28711516DEC}"
EndProject
Global
	GlobalSection(SolutionConfigurationPlatforms) = preSolution
		Debug|Any CPU = Debug|Any CPU
		Release|Any CPU = Release|Any CPU
	EndGlobalSection
	GlobalSection(ProjectConfigurationPlatforms) = postSolution
		{85075D71-FA4A-49F1-9843-5DD36F384E9B}.Debug|Any CPU.ActiveCfg = Debug|Any CPU
		{85075D71-FA4A-49F1-9843-5DD36F384E9B}.Debug|Any CPU.Build.0 = Debug|Any CPU
		{85075D71-FA4A-49F1-9843-5DD36F384E9B}.Release|Any CPU.ActiveCfg = Release|Any CPU
		{85075D71-FA4A-49F1-9843-5DD36F384E9B}.Release|Any CPU.Build.0 = Release|Any CPU
		{90FD5B94-EC98-491E-9870-A10704514D49}.Debug|Any CPU.ActiveCfg = Debug|Any CPU
		{90FD5B94-EC98-491E-9870-A10704514D49}.Debug|Any CPU.Build.0 = Debug|Any CPU
		{90FD5B94-EC98-491E-9870-A10704514D49}.Release|Any CPU.ActiveCfg = Release|Any CPU
		{90FD5B94-EC98-491E-9870-A10704514D49}.Release|Any CPU.Build.0 = Release|Any CPU
		{A0B62B9B-3E64-46A6-9FE7-C28711516DEC}.Debug|Any CPU.ActiveCfg = Debug|Any CPU
		{A0B62B9B-3E64-46A6-9FE7-C28711516DEC}.Debug|Any CPU.Build.0 = Debug|Any CPU
		{A0B62B9B-3E64-46A6-9FE7-C28711516DEC}.Release|Any CPU.ActiveCfg = Release|Any CPU
		{A0B62B9B-3E64-46A6-9FE7-C28711516DEC}.Release|Any CPU.Build.0 = Release|Any CPU
	EndGlobalSection
	GlobalSection(SolutionProperties) = preSolution
		HideSolutionNode = FALSE
	EndGlobalSection
	GlobalSection(ExtensibilityGlobals) = postSolution
		SolutionGuid = {F7937CE9-D940-459C-8966-AE68EF8381A7}
	EndGlobalSection
EndGlobal
